
Microsoft Visual Studio Solution File, Format Version 12.00
# Visual Studio Version 16
VisualStudioVersion = 16.0.29215.179
MinimumVisualStudioVersion = 10.0.40219.1
Project("{9A19103F-16F7-4668-BE54-9A1E7A4F7556}") = "FakerLib", "FakerLib\FakerLib.csproj", "{6EAB5966-A29C-4BD7-A56D-75CB69CD9F38}"
EndProject
Project("{FAE04EC0-301F-11D3-BF4B-00C04F79EFBC}") = "FakerTests", "FakerTests\FakerTests.csproj", "{6084BDA2-846B-40F5-BD70-0D2B36F8F492}"
EndProject
Project("{FAE04EC0-301F-11D3-BF4B-00C04F79EFBC}") = "ExtendedSymbolGenerator", "ExtendedSymbolGenerator\ExtendedSymbolGenerator.csproj", "{12075A55-40AB-4AC8-BA76-CCA8F710EBAC}"
EndProject
Project("{FAE04EC0-301F-11D3-BF4B-00C04F79EFBC}") = "Common", "IGenerator\Common.csproj", "{18AD426F-816C-47B7-A471-762AE9CC961E}"
EndProject
Project("{FAE04EC0-301F-11D3-BF4B-00C04F79EFBC}") = "FloatGenerator", "FloatGenerator\FloatGenerator.csproj", "{95DEE030-FDC1-4428-B11B-28C81406696F}"
EndProject
Global
	GlobalSection(SolutionConfigurationPlatforms) = preSolution
		Debug|Any CPU = Debug|Any CPU
		Release|Any CPU = Release|Any CPU
	EndGlobalSection
	GlobalSection(ProjectConfigurationPlatforms) = postSolution
		{6EAB5966-A29C-4BD7-A56D-75CB69CD9F38}.Debug|Any CPU.ActiveCfg = Debug|Any CPU
		{6EAB5966-A29C-4BD7-A56D-75CB69CD9F38}.Debug|Any CPU.Build.0 = Debug|Any CPU
		{6EAB5966-A29C-4BD7-A56D-75CB69CD9F38}.Release|Any CPU.ActiveCfg = Release|Any CPU
		{6EAB5966-A29C-4BD7-A56D-75CB69CD9F38}.Release|Any CPU.Build.0 = Release|Any CPU
		{6084BDA2-846B-40F5-BD70-0D2B36F8F492}.Debug|Any CPU.ActiveCfg = Debug|Any CPU
		{6084BDA2-846B-40F5-BD70-0D2B36F8F492}.Debug|Any CPU.Build.0 = Debug|Any CPU
		{6084BDA2-846B-40F5-BD70-0D2B36F8F492}.Release|Any CPU.ActiveCfg = Release|Any CPU
		{6084BDA2-846B-40F5-BD70-0D2B36F8F492}.Release|Any CPU.Build.0 = Release|Any CPU
		{12075A55-40AB-4AC8-BA76-CCA8F710EBAC}.Debug|Any CPU.ActiveCfg = Debug|Any CPU
		{12075A55-40AB-4AC8-BA76-CCA8F710EBAC}.Debug|Any CPU.Build.0 = Debug|Any CPU
		{12075A55-40AB-4AC8-BA76-CCA8F710EBAC}.Release|Any CPU.ActiveCfg = Release|Any CPU
		{12075A55-40AB-4AC8-BA76-CCA8F710EBAC}.Release|Any CPU.Build.0 = Release|Any CPU
		{18AD426F-816C-47B7-A471-762AE9CC961E}.Debug|Any CPU.ActiveCfg = Debug|Any CPU
		{18AD426F-816C-47B7-A471-762AE9CC961E}.Debug|Any CPU.Build.0 = Debug|Any CPU
		{18AD426F-816C-47B7-A471-762AE9CC961E}.Release|Any CPU.ActiveCfg = Release|Any CPU
		{18AD426F-816C-47B7-A471-762AE9CC961E}.Release|Any CPU.Build.0 = Release|Any CPU
		{95DEE030-FDC1-4428-B11B-28C81406696F}.Debug|Any CPU.ActiveCfg = Debug|Any CPU
		{95DEE030-FDC1-4428-B11B-28C81406696F}.Debug|Any CPU.Build.0 = Debug|Any CPU
		{95DEE030-FDC1-4428-B11B-28C81406696F}.Release|Any CPU.ActiveCfg = Release|Any CPU
		{95DEE030-FDC1-4428-B11B-28C81406696F}.Release|Any CPU.Build.0 = Release|Any CPU
	EndGlobalSection
	GlobalSection(SolutionProperties) = preSolution
		HideSolutionNode = FALSE
	EndGlobalSection
	GlobalSection(ExtensibilityGlobals) = postSolution
		SolutionGuid = {26C39E95-263E-4AA0-A78A-5FD761E8D151}
	EndGlobalSection
EndGlobal
